// !$*UTF8*$!
{
	archiveVersion = 1;
	classes = {
	};
	objectVersion = 55;
	objects = {

/* Begin PBXBuildFile section */
		F351790F27D896C600A23B23 /* AppDelegate.swift in Sources */ = {isa = PBXBuildFile; fileRef = F351790E27D896C600A23B23 /* AppDelegate.swift */; };
		F351791127D896C600A23B23 /* SceneDelegate.swift in Sources */ = {isa = PBXBuildFile; fileRef = F351791027D896C600A23B23 /* SceneDelegate.swift */; };
		F351791327D896C600A23B23 /* MainTabBarViewController.swift in Sources */ = {isa = PBXBuildFile; fileRef = F351791227D896C600A23B23 /* MainTabBarViewController.swift */; };
		F351791827D896C900A23B23 /* Assets.xcassets in Resources */ = {isa = PBXBuildFile; fileRef = F351791727D896C900A23B23 /* Assets.xcassets */; };
		F351791B27D896C900A23B23 /* LaunchScreen.storyboard in Resources */ = {isa = PBXBuildFile; fileRef = F351791927D896C900A23B23 /* LaunchScreen.storyboard */; };
		F351792427D8997400A23B23 /* HomeViewController.swift in Sources */ = {isa = PBXBuildFile; fileRef = F351792327D8997400A23B23 /* HomeViewController.swift */; };
		F351792627D8999300A23B23 /* UpcommingViewController.swift in Sources */ = {isa = PBXBuildFile; fileRef = F351792527D8999300A23B23 /* UpcommingViewController.swift */; };
		F351792827D899A200A23B23 /* SearchViewController.swift in Sources */ = {isa = PBXBuildFile; fileRef = F351792727D899A200A23B23 /* SearchViewController.swift */; };
		F351792A27D899B300A23B23 /* DownloadViewController.swift in Sources */ = {isa = PBXBuildFile; fileRef = F351792927D899B300A23B23 /* DownloadViewController.swift */; };
		F351792F27D9ED5100A23B23 /* CollectionViewTableViewCell.swift in Sources */ = {isa = PBXBuildFile; fileRef = F351792E27D9ED5100A23B23 /* CollectionViewTableViewCell.swift */; };
		F359420927DB413300FED070 /* APICaller.swift in Sources */ = {isa = PBXBuildFile; fileRef = F359420827DB413300FED070 /* APICaller.swift */; };
		F359420B27DB44B900FED070 /* Item.swift in Sources */ = {isa = PBXBuildFile; fileRef = F359420A27DB44B900FED070 /* Item.swift */; };
		F359420E27DB704800FED070 /* Extension.swift in Sources */ = {isa = PBXBuildFile; fileRef = F359420D27DB704800FED070 /* Extension.swift */; };
		F359421027DB824500FED070 /* Sections.swift in Sources */ = {isa = PBXBuildFile; fileRef = F359420F27DB824500FED070 /* Sections.swift */; };
		F359421427DB85FA00FED070 /* ItemCollectionViewCell.swift in Sources */ = {isa = PBXBuildFile; fileRef = F359421327DB85FA00FED070 /* ItemCollectionViewCell.swift */; };
		F359421727DC55C700FED070 /* SDWebImage in Frameworks */ = {isa = PBXBuildFile; productRef = F359421627DC55C700FED070 /* SDWebImage */; };
		F359421927DC55C700FED070 /* SDWebImageMapKit in Frameworks */ = {isa = PBXBuildFile; productRef = F359421827DC55C700FED070 /* SDWebImageMapKit */; };
		F359421B27DC89D600FED070 /* ItemTableViewCell.swift in Sources */ = {isa = PBXBuildFile; fileRef = F359421A27DC89D600FED070 /* ItemTableViewCell.swift */; };
		F359421D27DC8E4700FED070 /* ItemViewModel.swift in Sources */ = {isa = PBXBuildFile; fileRef = F359421C27DC8E4700FED070 /* ItemViewModel.swift */; };
		F359421F27DDCED200FED070 /* SearchResultsViewController.swift in Sources */ = {isa = PBXBuildFile; fileRef = F359421E27DDCED200FED070 /* SearchResultsViewController.swift */; };
		F359422127DDE6D700FED070 /* YoutubeItem.swift in Sources */ = {isa = PBXBuildFile; fileRef = F359422027DDE6D700FED070 /* YoutubeItem.swift */; };
		F359422427DDEE2F00FED070 /* ItemPreviewViewController.swift in Sources */ = {isa = PBXBuildFile; fileRef = F359422327DDEE2F00FED070 /* ItemPreviewViewController.swift */; };
		F359422627DDF20500FED070 /* ItemPreviewViewModel.swift in Sources */ = {isa = PBXBuildFile; fileRef = F359422527DDF20500FED070 /* ItemPreviewViewModel.swift */; };
		F3E997F827D9F9AB00E98077 /* HeroHeaderView.swift in Sources */ = {isa = PBXBuildFile; fileRef = F3E997F727D9F9AB00E98077 /* HeroHeaderView.swift */; };
/* End PBXBuildFile section */

/* Begin PBXFileReference section */
		F351790B27D896C600A23B23 /* Netflix Clone.app */ = {isa = PBXFileReference; explicitFileType = wrapper.application; includeInIndex = 0; path = "Netflix Clone.app"; sourceTree = BUILT_PRODUCTS_DIR; };
		F351790E27D896C600A23B23 /* AppDelegate.swift */ = {isa = PBXFileReference; lastKnownFileType = sourcecode.swift; path = AppDelegate.swift; sourceTree = "<group>"; };
		F351791027D896C600A23B23 /* SceneDelegate.swift */ = {isa = PBXFileReference; lastKnownFileType = sourcecode.swift; path = SceneDelegate.swift; sourceTree = "<group>"; };
		F351791227D896C600A23B23 /* MainTabBarViewController.swift */ = {isa = PBXFileReference; lastKnownFileType = sourcecode.swift; path = MainTabBarViewController.swift; sourceTree = "<group>"; };
		F351791727D896C900A23B23 /* Assets.xcassets */ = {isa = PBXFileReference; lastKnownFileType = folder.assetcatalog; path = Assets.xcassets; sourceTree = "<group>"; };
		F351791A27D896C900A23B23 /* Base */ = {isa = PBXFileReference; lastKnownFileType = file.storyboard; name = Base; path = Base.lproj/LaunchScreen.storyboard; sourceTree = "<group>"; };
		F351791C27D896C900A23B23 /* Info.plist */ = {isa = PBXFileReference; lastKnownFileType = text.plist.xml; path = Info.plist; sourceTree = "<group>"; };
		F351792327D8997400A23B23 /* HomeViewController.swift */ = {isa = PBXFileReference; lastKnownFileType = sourcecode.swift; path = HomeViewController.swift; sourceTree = "<group>"; };
		F351792527D8999300A23B23 /* UpcommingViewController.swift */ = {isa = PBXFileReference; lastKnownFileType = sourcecode.swift; path = UpcommingViewController.swift; sourceTree = "<group>"; };
		F351792727D899A200A23B23 /* SearchViewController.swift */ = {isa = PBXFileReference; lastKnownFileType = sourcecode.swift; path = SearchViewController.swift; sourceTree = "<group>"; };
		F351792927D899B300A23B23 /* DownloadViewController.swift */ = {isa = PBXFileReference; lastKnownFileType = sourcecode.swift; path = DownloadViewController.swift; sourceTree = "<group>"; };
		F351792E27D9ED5100A23B23 /* CollectionViewTableViewCell.swift */ = {isa = PBXFileReference; lastKnownFileType = sourcecode.swift; path = CollectionViewTableViewCell.swift; sourceTree = "<group>"; };
		F359420827DB413300FED070 /* APICaller.swift */ = {isa = PBXFileReference; lastKnownFileType = sourcecode.swift; path = APICaller.swift; sourceTree = "<group>"; };
		F359420A27DB44B900FED070 /* Item.swift */ = {isa = PBXFileReference; lastKnownFileType = sourcecode.swift; path = Item.swift; sourceTree = "<group>"; };
		F359420D27DB704800FED070 /* Extension.swift */ = {isa = PBXFileReference; lastKnownFileType = sourcecode.swift; path = Extension.swift; sourceTree = "<group>"; };
		F359420F27DB824500FED070 /* Sections.swift */ = {isa = PBXFileReference; lastKnownFileType = sourcecode.swift; path = Sections.swift; sourceTree = "<group>"; };
		F359421327DB85FA00FED070 /* ItemCollectionViewCell.swift */ = {isa = PBXFileReference; lastKnownFileType = sourcecode.swift; path = ItemCollectionViewCell.swift; sourceTree = "<group>"; };
		F359421A27DC89D600FED070 /* ItemTableViewCell.swift */ = {isa = PBXFileReference; lastKnownFileType = sourcecode.swift; path = ItemTableViewCell.swift; sourceTree = "<group>"; };
		F359421C27DC8E4700FED070 /* ItemViewModel.swift */ = {isa = PBXFileReference; lastKnownFileType = sourcecode.swift; path = ItemViewModel.swift; sourceTree = "<group>"; };
		F359421E27DDCED200FED070 /* SearchResultsViewController.swift */ = {isa = PBXFileReference; lastKnownFileType = sourcecode.swift; path = SearchResultsViewController.swift; sourceTree = "<group>"; };
		F359422027DDE6D700FED070 /* YoutubeItem.swift */ = {isa = PBXFileReference; lastKnownFileType = sourcecode.swift; path = YoutubeItem.swift; sourceTree = "<group>"; };
		F359422327DDEE2F00FED070 /* ItemPreviewViewController.swift */ = {isa = PBXFileReference; lastKnownFileType = sourcecode.swift; path = ItemPreviewViewController.swift; sourceTree = "<group>"; };
		F359422527DDF20500FED070 /* ItemPreviewViewModel.swift */ = {isa = PBXFileReference; lastKnownFileType = sourcecode.swift; path = ItemPreviewViewModel.swift; sourceTree = "<group>"; };
		F3E997F727D9F9AB00E98077 /* HeroHeaderView.swift */ = {isa = PBXFileReference; lastKnownFileType = sourcecode.swift; path = HeroHeaderView.swift; sourceTree = "<group>"; };
/* End PBXFileReference section */

/* Begin PBXFrameworksBuildPhase section */
		F351790827D896C600A23B23 /* Frameworks */ = {
			isa = PBXFrameworksBuildPhase;
			buildActionMask = 2147483647;
			files = (
				F359421927DC55C700FED070 /* SDWebImageMapKit in Frameworks */,
				F359421727DC55C700FED070 /* SDWebImage in Frameworks */,
			);
			runOnlyForDeploymentPostprocessing = 0;
		};
/* End PBXFrameworksBuildPhase section */

/* Begin PBXGroup section */
		F351790227D896C600A23B23 = {
			isa = PBXGroup;
			children = (
				F351790D27D896C600A23B23 /* Netflix Clone */,
				F351790C27D896C600A23B23 /* Products */,
			);
			sourceTree = "<group>";
		};
		F351790C27D896C600A23B23 /* Products */ = {
			isa = PBXGroup;
			children = (
				F351790B27D896C600A23B23 /* Netflix Clone.app */,
			);
			name = Products;
			sourceTree = "<group>";
		};
		F351790D27D896C600A23B23 /* Netflix Clone */ = {
			isa = PBXGroup;
			children = (
				F359420C27DB702900FED070 /* Resources */,
				F359420727DB411500FED070 /* Managers */,
				F351792B27D8A4F500A23B23 /* Models */,
				F351792C27D8A4FC00A23B23 /* Views */,
				F351792D27D8A50A00A23B23 /* ViewModels */,
				F351792227D8994E00A23B23 /* Controllers */,
				F351790E27D896C600A23B23 /* AppDelegate.swift */,
				F351791027D896C600A23B23 /* SceneDelegate.swift */,
				F351791727D896C900A23B23 /* Assets.xcassets */,
				F351791927D896C900A23B23 /* LaunchScreen.storyboard */,
				F351791C27D896C900A23B23 /* Info.plist */,
			);
			path = "Netflix Clone";
			sourceTree = "<group>";
		};
		F351792227D8994E00A23B23 /* Controllers */ = {
			isa = PBXGroup;
			children = (
				F359422227DDEE0600FED070 /* Core */,
				F359421E27DDCED200FED070 /* SearchResultsViewController.swift */,
				F359422327DDEE2F00FED070 /* ItemPreviewViewController.swift */,
			);
			path = Controllers;
			sourceTree = "<group>";
		};
		F351792B27D8A4F500A23B23 /* Models */ = {
			isa = PBXGroup;
			children = (
				F359420A27DB44B900FED070 /* Item.swift */,
				F359420F27DB824500FED070 /* Sections.swift */,
				F359422027DDE6D700FED070 /* YoutubeItem.swift */,
			);
			path = Models;
			sourceTree = "<group>";
		};
		F351792C27D8A4FC00A23B23 /* Views */ = {
			isa = PBXGroup;
			children = (
				F351792E27D9ED5100A23B23 /* CollectionViewTableViewCell.swift */,
				F3E997F727D9F9AB00E98077 /* HeroHeaderView.swift */,
				F359421327DB85FA00FED070 /* ItemCollectionViewCell.swift */,
				F359421A27DC89D600FED070 /* ItemTableViewCell.swift */,
			);
			path = Views;
			sourceTree = "<group>";
		};
		F351792D27D8A50A00A23B23 /* ViewModels */ = {
			isa = PBXGroup;
			children = (
				F359421C27DC8E4700FED070 /* ItemViewModel.swift */,
				F359422527DDF20500FED070 /* ItemPreviewViewModel.swift */,
			);
			path = ViewModels;
			sourceTree = "<group>";
		};
		F359420727DB411500FED070 /* Managers */ = {
			isa = PBXGroup;
			children = (
				F359420827DB413300FED070 /* APICaller.swift */,
			);
			path = Managers;
			sourceTree = "<group>";
		};
		F359420C27DB702900FED070 /* Resources */ = {
			isa = PBXGroup;
			children = (
				F359420D27DB704800FED070 /* Extension.swift */,
			);
			path = Resources;
			sourceTree = "<group>";
		};
		F359422227DDEE0600FED070 /* Core */ = {
			isa = PBXGroup;
			children = (
				F351791227D896C600A23B23 /* MainTabBarViewController.swift */,
				F351792327D8997400A23B23 /* HomeViewController.swift */,
				F351792527D8999300A23B23 /* UpcommingViewController.swift */,
				F351792727D899A200A23B23 /* SearchViewController.swift */,
				F351792927D899B300A23B23 /* DownloadViewController.swift */,
			);
			path = Core;
			sourceTree = "<group>";
		};
/* End PBXGroup section */

/* Begin PBXNativeTarget section */
		F351790A27D896C600A23B23 /* Netflix Clone */ = {
			isa = PBXNativeTarget;
			buildConfigurationList = F351791F27D896C900A23B23 /* Build configuration list for PBXNativeTarget "Netflix Clone" */;
			buildPhases = (
				F351790727D896C600A23B23 /* Sources */,
				F351790827D896C600A23B23 /* Frameworks */,
				F351790927D896C600A23B23 /* Resources */,
			);
			buildRules = (
			);
			dependencies = (
			);
			name = "Netflix Clone";
			packageProductDependencies = (
				F359421627DC55C700FED070 /* SDWebImage */,
				F359421827DC55C700FED070 /* SDWebImageMapKit */,
			);
			productName = "Netflix Clone";
			productReference = F351790B27D896C600A23B23 /* Netflix Clone.app */;
			productType = "com.apple.product-type.application";
		};
/* End PBXNativeTarget section */

/* Begin PBXProject section */
		F351790327D896C600A23B23 /* Project object */ = {
			isa = PBXProject;
			attributes = {
				BuildIndependentTargetsInParallel = 1;
				LastSwiftUpdateCheck = 1310;
				LastUpgradeCheck = 1310;
				TargetAttributes = {
					F351790A27D896C600A23B23 = {
						CreatedOnToolsVersion = 13.1;
					};
				};
			};
			buildConfigurationList = F351790627D896C600A23B23 /* Build configuration list for PBXProject "Netflix Clone" */;
			compatibilityVersion = "Xcode 13.0";
			developmentRegion = en;
			hasScannedForEncodings = 0;
			knownRegions = (
				en,
				Base,
			);
			mainGroup = F351790227D896C600A23B23;
			packageReferences = (
				F359421527DC55C600FED070 /* XCRemoteSwiftPackageReference "SDWebImage" */,
			);
			productRefGroup = F351790C27D896C600A23B23 /* Products */;
			projectDirPath = "";
			projectRoot = "";
			targets = (
				F351790A27D896C600A23B23 /* Netflix Clone */,
			);
		};
/* End PBXProject section */

/* Begin PBXResourcesBuildPhase section */
		F351790927D896C600A23B23 /* Resources */ = {
			isa = PBXResourcesBuildPhase;
			buildActionMask = 2147483647;
			files = (
				F351791B27D896C900A23B23 /* LaunchScreen.storyboard in Resources */,
				F351791827D896C900A23B23 /* Assets.xcassets in Resources */,
			);
			runOnlyForDeploymentPostprocessing = 0;
		};
/* End PBXResourcesBuildPhase section */

/* Begin PBXSourcesBuildPhase section */
		F351790727D896C600A23B23 /* Sources */ = {
			isa = PBXSourcesBuildPhase;
			buildActionMask = 2147483647;
			files = (
				F351792827D899A200A23B23 /* SearchViewController.swift in Sources */,
				F359421F27DDCED200FED070 /* SearchResultsViewController.swift in Sources */,
				F351791327D896C600A23B23 /* MainTabBarViewController.swift in Sources */,
				F359422427DDEE2F00FED070 /* ItemPreviewViewController.swift in Sources */,
				F351792F27D9ED5100A23B23 /* CollectionViewTableViewCell.swift in Sources */,
				F359420E27DB704800FED070 /* Extension.swift in Sources */,
				F359420927DB413300FED070 /* APICaller.swift in Sources */,
				F359421027DB824500FED070 /* Sections.swift in Sources */,
				F351790F27D896C600A23B23 /* AppDelegate.swift in Sources */,
				F359421B27DC89D600FED070 /* ItemTableViewCell.swift in Sources */,
				F359422627DDF20500FED070 /* ItemPreviewViewModel.swift in Sources */,
				F359421427DB85FA00FED070 /* ItemCollectionViewCell.swift in Sources */,
				F359421D27DC8E4700FED070 /* ItemViewModel.swift in Sources */,
				F3E997F827D9F9AB00E98077 /* HeroHeaderView.swift in Sources */,
				F351792A27D899B300A23B23 /* DownloadViewController.swift in Sources */,
				F351792627D8999300A23B23 /* UpcommingViewController.swift in Sources */,
				F359422127DDE6D700FED070 /* YoutubeItem.swift in Sources */,
				F359420B27DB44B900FED070 /* Item.swift in Sources */,
				F351791127D896C600A23B23 /* SceneDelegate.swift in Sources */,
				F351792427D8997400A23B23 /* HomeViewController.swift in Sources */,
			);
			runOnlyForDeploymentPostprocessing = 0;
		};
/* End PBXSourcesBuildPhase section */

/* Begin PBXVariantGroup section */
		F351791927D896C900A23B23 /* LaunchScreen.storyboard */ = {
			isa = PBXVariantGroup;
			children = (
				F351791A27D896C900A23B23 /* Base */,
			);
			name = LaunchScreen.storyboard;
			sourceTree = "<group>";
		};
/* End PBXVariantGroup section */

/* Begin XCBuildConfiguration section */
		F351791D27D896C900A23B23 /* Debug */ = {
			isa = XCBuildConfiguration;
			buildSettings = {
				ALWAYS_SEARCH_USER_PATHS = NO;
				CLANG_ANALYZER_NONNULL = YES;
				CLANG_ANALYZER_NUMBER_OBJECT_CONVERSION = YES_AGGRESSIVE;
				CLANG_CXX_LANGUAGE_STANDARD = "gnu++17";
				CLANG_CXX_LIBRARY = "libc++";
				CLANG_ENABLE_MODULES = YES;
				CLANG_ENABLE_OBJC_ARC = YES;
				CLANG_ENABLE_OBJC_WEAK = YES;
				CLANG_WARN_BLOCK_CAPTURE_AUTORELEASING = YES;
				CLANG_WARN_BOOL_CONVERSION = YES;
				CLANG_WARN_COMMA = YES;
				CLANG_WARN_CONSTANT_CONVERSION = YES;
				CLANG_WARN_DEPRECATED_OBJC_IMPLEMENTATIONS = YES;
				CLANG_WARN_DIRECT_OBJC_ISA_USAGE = YES_ERROR;
				CLANG_WARN_DOCUMENTATION_COMMENTS = YES;
				CLANG_WARN_EMPTY_BODY = YES;
				CLANG_WARN_ENUM_CONVERSION = YES;
				CLANG_WARN_INFINITE_RECURSION = YES;
				CLANG_WARN_INT_CONVERSION = YES;
				CLANG_WARN_NON_LITERAL_NULL_CONVERSION = YES;
				CLANG_WARN_OBJC_IMPLICIT_RETAIN_SELF = YES;
				CLANG_WARN_OBJC_LITERAL_CONVERSION = YES;
				CLANG_WARN_OBJC_ROOT_CLASS = YES_ERROR;
				CLANG_WARN_QUOTED_INCLUDE_IN_FRAMEWORK_HEADER = YES;
				CLANG_WARN_RANGE_LOOP_ANALYSIS = YES;
				CLANG_WARN_STRICT_PROTOTYPES = YES;
				CLANG_WARN_SUSPICIOUS_MOVE = YES;
				CLANG_WARN_UNGUARDED_AVAILABILITY = YES_AGGRESSIVE;
				CLANG_WARN_UNREACHABLE_CODE = YES;
				CLANG_WARN__DUPLICATE_METHOD_MATCH = YES;
				COPY_PHASE_STRIP = NO;
				DEBUG_INFORMATION_FORMAT = dwarf;
				ENABLE_STRICT_OBJC_MSGSEND = YES;
				ENABLE_TESTABILITY = YES;
				GCC_C_LANGUAGE_STANDARD = gnu11;
				GCC_DYNAMIC_NO_PIC = NO;
				GCC_NO_COMMON_BLOCKS = YES;
				GCC_OPTIMIZATION_LEVEL = 0;
				GCC_PREPROCESSOR_DEFINITIONS = (
					"DEBUG=1",
					"$(inherited)",
				);
				GCC_WARN_64_TO_32_BIT_CONVERSION = YES;
				GCC_WARN_ABOUT_RETURN_TYPE = YES_ERROR;
				GCC_WARN_UNDECLARED_SELECTOR = YES;
				GCC_WARN_UNINITIALIZED_AUTOS = YES_AGGRESSIVE;
				GCC_WARN_UNUSED_FUNCTION = YES;
				GCC_WARN_UNUSED_VARIABLE = YES;
				IPHONEOS_DEPLOYMENT_TARGET = 15.0;
				MTL_ENABLE_DEBUG_INFO = INCLUDE_SOURCE;
				MTL_FAST_MATH = YES;
				ONLY_ACTIVE_ARCH = YES;
				SDKROOT = iphoneos;
				SWIFT_ACTIVE_COMPILATION_CONDITIONS = DEBUG;
				SWIFT_OPTIMIZATION_LEVEL = "-Onone";
			};
			name = Debug;
		};
		F351791E27D896C900A23B23 /* Release */ = {
			isa = XCBuildConfiguration;
			buildSettings = {
				ALWAYS_SEARCH_USER_PATHS = NO;
				CLANG_ANALYZER_NONNULL = YES;
				CLANG_ANALYZER_NUMBER_OBJECT_CONVERSION = YES_AGGRESSIVE;
				CLANG_CXX_LANGUAGE_STANDARD = "gnu++17";
				CLANG_CXX_LIBRARY = "libc++";
				CLANG_ENABLE_MODULES = YES;
				CLANG_ENABLE_OBJC_ARC = YES;
				CLANG_ENABLE_OBJC_WEAK = YES;
				CLANG_WARN_BLOCK_CAPTURE_AUTORELEASING = YES;
				CLANG_WARN_BOOL_CONVERSION = YES;
				CLANG_WARN_COMMA = YES;
				CLANG_WARN_CONSTANT_CONVERSION = YES;
				CLANG_WARN_DEPRECATED_OBJC_IMPLEMENTATIONS = YES;
				CLANG_WARN_DIRECT_OBJC_ISA_USAGE = YES_ERROR;
				CLANG_WARN_DOCUMENTATION_COMMENTS = YES;
				CLANG_WARN_EMPTY_BODY = YES;
				CLANG_WARN_ENUM_CONVERSION = YES;
				CLANG_WARN_INFINITE_RECURSION = YES;
				CLANG_WARN_INT_CONVERSION = YES;
				CLANG_WARN_NON_LITERAL_NULL_CONVERSION = YES;
				CLANG_WARN_OBJC_IMPLICIT_RETAIN_SELF = YES;
				CLANG_WARN_OBJC_LITERAL_CONVERSION = YES;
				CLANG_WARN_OBJC_ROOT_CLASS = YES_ERROR;
				CLANG_WARN_QUOTED_INCLUDE_IN_FRAMEWORK_HEADER = YES;
				CLANG_WARN_RANGE_LOOP_ANALYSIS = YES;
				CLANG_WARN_STRICT_PROTOTYPES = YES;
				CLANG_WARN_SUSPICIOUS_MOVE = YES;
				CLANG_WARN_UNGUARDED_AVAILABILITY = YES_AGGRESSIVE;
				CLANG_WARN_UNREACHABLE_CODE = YES;
				CLANG_WARN__DUPLICATE_METHOD_MATCH = YES;
				COPY_PHASE_STRIP = NO;
				DEBUG_INFORMATION_FORMAT = "dwarf-with-dsym";
				ENABLE_NS_ASSERTIONS = NO;
				ENABLE_STRICT_OBJC_MSGSEND = YES;
				GCC_C_LANGUAGE_STANDARD = gnu11;
				GCC_NO_COMMON_BLOCKS = YES;
				GCC_WARN_64_TO_32_BIT_CONVERSION = YES;
				GCC_WARN_ABOUT_RETURN_TYPE = YES_ERROR;
				GCC_WARN_UNDECLARED_SELECTOR = YES;
				GCC_WARN_UNINITIALIZED_AUTOS = YES_AGGRESSIVE;
				GCC_WARN_UNUSED_FUNCTION = YES;
				GCC_WARN_UNUSED_VARIABLE = YES;
				IPHONEOS_DEPLOYMENT_TARGET = 15.0;
				MTL_ENABLE_DEBUG_INFO = NO;
				MTL_FAST_MATH = YES;
				SDKROOT = iphoneos;
				SWIFT_COMPILATION_MODE = wholemodule;
				SWIFT_OPTIMIZATION_LEVEL = "-O";
				VALIDATE_PRODUCT = YES;
			};
			name = Release;
		};
		F351792027D896C900A23B23 /* Debug */ = {
			isa = XCBuildConfiguration;
			buildSettings = {
				ASSETCATALOG_COMPILER_APPICON_NAME = AppIcon;
				ASSETCATALOG_COMPILER_GLOBAL_ACCENT_COLOR_NAME = AccentColor;
				CODE_SIGN_STYLE = Automatic;
				CURRENT_PROJECT_VERSION = 1;
				DEVELOPMENT_TEAM = 2J63PFPHXC;
				GENERATE_INFOPLIST_FILE = YES;
				INFOPLIST_FILE = "Netflix Clone/Info.plist";
				INFOPLIST_KEY_UIApplicationSupportsIndirectInputEvents = YES;
				INFOPLIST_KEY_UILaunchStoryboardName = LaunchScreen;
				INFOPLIST_KEY_UISupportedInterfaceOrientations_iPad = "UIInterfaceOrientationPortrait UIInterfaceOrientationPortraitUpsideDown UIInterfaceOrientationLandscapeLeft UIInterfaceOrientationLandscapeRight";
				INFOPLIST_KEY_UISupportedInterfaceOrientations_iPhone = "UIInterfaceOrientationPortrait UIInterfaceOrientationLandscapeLeft UIInterfaceOrientationLandscapeRight";
				LD_RUNPATH_SEARCH_PATHS = (
					"$(inherited)",
					"@executable_path/Frameworks",
				);
				MARKETING_VERSION = 1.0;
				PRODUCT_BUNDLE_IDENTIFIER = "com.learningiOS.Netflix-Clone";
				PRODUCT_NAME = "$(TARGET_NAME)";
				SWIFT_EMIT_LOC_STRINGS = YES;
				SWIFT_VERSION = 5.0;
				TARGETED_DEVICE_FAMILY = "1,2";
			};
			name = Debug;
		};
		F351792127D896C900A23B23 /* Release */ = {
			isa = XCBuildConfiguration;
			buildSettings = {
				ASSETCATALOG_COMPILER_APPICON_NAME = AppIcon;
				ASSETCATALOG_COMPILER_GLOBAL_ACCENT_COLOR_NAME = AccentColor;
				CODE_SIGN_STYLE = Automatic;
				CURRENT_PROJECT_VERSION = 1;
				DEVELOPMENT_TEAM = 2J63PFPHXC;
				GENERATE_INFOPLIST_FILE = YES;
				INFOPLIST_FILE = "Netflix Clone/Info.plist";
				INFOPLIST_KEY_UIApplicationSupportsIndirectInputEvents = YES;
				INFOPLIST_KEY_UILaunchStoryboardName = LaunchScreen;
				INFOPLIST_KEY_UISupportedInterfaceOrientations_iPad = "UIInterfaceOrientationPortrait UIInterfaceOrientationPortraitUpsideDown UIInterfaceOrientationLandscapeLeft UIInterfaceOrientationLandscapeRight";
				INFOPLIST_KEY_UISupportedInterfaceOrientations_iPhone = "UIInterfaceOrientationPortrait UIInterfaceOrientationLandscapeLeft UIInterfaceOrientationLandscapeRight";
				LD_RUNPATH_SEARCH_PATHS = (
					"$(inherited)",
					"@executable_path/Frameworks",
				);
				MARKETING_VERSION = 1.0;
				PRODUCT_BUNDLE_IDENTIFIER = "com.learningiOS.Netflix-Clone";
				PRODUCT_NAME = "$(TARGET_NAME)";
				SWIFT_EMIT_LOC_STRINGS = YES;
				SWIFT_VERSION = 5.0;
				TARGETED_DEVICE_FAMILY = "1,2";
			};
			name = Release;
		};
/* End XCBuildConfiguration section */

/* Begin XCConfigurationList section */
		F351790627D896C600A23B23 /* Build configuration list for PBXProject "Netflix Clone" */ = {
			isa = XCConfigurationList;
			buildConfigurations = (
				F351791D27D896C900A23B23 /* Debug */,
				F351791E27D896C900A23B23 /* Release */,
			);
			defaultConfigurationIsVisible = 0;
			defaultConfigurationName = Release;
		};
		F351791F27D896C900A23B23 /* Build configuration list for PBXNativeTarget "Netflix Clone" */ = {
			isa = XCConfigurationList;
			buildConfigurations = (
				F351792027D896C900A23B23 /* Debug */,
				F351792127D896C900A23B23 /* Release */,
			);
			defaultConfigurationIsVisible = 0;
			defaultConfigurationName = Release;
		};
/* End XCConfigurationList section */

/* Begin XCRemoteSwiftPackageReference section */
		F359421527DC55C600FED070 /* XCRemoteSwiftPackageReference "SDWebImage" */ = {
			isa = XCRemoteSwiftPackageReference;
			repositoryURL = "https://github.com/SDWebImage/SDWebImage.git";
			requirement = {
				kind = upToNextMajorVersion;
				minimumVersion = 5.0.0;
			};
		};
/* End XCRemoteSwiftPackageReference section */

/* Begin XCSwiftPackageProductDependency section */
		F359421627DC55C700FED070 /* SDWebImage */ = {
			isa = XCSwiftPackageProductDependency;
			package = F359421527DC55C600FED070 /* XCRemoteSwiftPackageReference "SDWebImage" */;
			productName = SDWebImage;
		};
		F359421827DC55C700FED070 /* SDWebImageMapKit */ = {
			isa = XCSwiftPackageProductDependency;
			package = F359421527DC55C600FED070 /* XCRemoteSwiftPackageReference "SDWebImage" */;
			productName = SDWebImageMapKit;
		};
/* End XCSwiftPackageProductDependency section */
	};
	rootObject = F351790327D896C600A23B23 /* Project object */;
}
